
Microsoft Visual Studio Solution File, Format Version 12.00
# Visual Studio Version 17
VisualStudioVersion = 17.0.31912.275
MinimumVisualStudioVersion = 10.0.40219.1
Project("{8BC9CEB8-8B4A-11D0-8D11-00A0C91BC942}") = "temp", "temp\temp.vcxproj", "{1F07EFDF-43FC-4AFB-B628-D81732591209}"
EndProject
Project("{8BC9CEB8-8B4A-11D0-8D11-00A0C91BC942}") = "NextBigInt", "NextBigInt\NextBigInt.vcxproj", "{786E2937-3FDE-413D-BE37-E761FAD9E4A4}"
EndProject
Project("{8BC9CEB8-8B4A-11D0-8D11-00A0C91BC942}") = "RightBracket", "RightBracket\RightBracket.vcxproj", "{BFFFF6DF-1459-43DA-A32B-B8D2148F8E19}"
EndProject
Project("{8BC9CEB8-8B4A-11D0-8D11-00A0C91BC942}") = "BigIntMaker", "BigIntMaker\BigIntMaker.vcxproj", "{2F16DBFB-ADDF-48A0-8A99-61020D7CEC4B}"
EndProject
Project("{8BC9CEB8-8B4A-11D0-8D11-00A0C91BC942}") = "NMaker", "NMaker\NMaker.vcxproj", "{40F757C4-FCE2-4C98-9E7F-F5132B4C98D0}"
EndProject
Project("{8BC9CEB8-8B4A-11D0-8D11-00A0C91BC942}") = "MatrixMaker", "MatrixMaker\MatrixMaker.vcxproj", "{24B6F237-5482-49B3-B8DA-7BBD9EB40892}"
EndProject
Project("{8BC9CEB8-8B4A-11D0-8D11-00A0C91BC942}") = "H_Index", "H_Index\H_Index.vcxproj", "{6D45DA47-DC27-42DB-9AA8-7B7382DFCE0D}"
EndProject
Project("{8BC9CEB8-8B4A-11D0-8D11-00A0C91BC942}") = "BridgeTruck", "BridgeTruck\BridgeTruck.vcxproj", "{6162E8EC-618D-4FDA-8486-0332ACA5E6FF}"
EndProject
Project("{8BC9CEB8-8B4A-11D0-8D11-00A0C91BC942}") = "PredictableBoard", "PredictableBoard\PredictableBoard.vcxproj", "{F33A9662-8043-4AF9-894B-A4219FDB8878}"
EndProject
Project("{8BC9CEB8-8B4A-11D0-8D11-00A0C91BC942}") = "NPowSquare", "NPowSquare\NPowSquare.vcxproj", "{C7DE2DAC-5227-424B-BC25-A1D97844F16D}"
EndProject
Project("{8BC9CEB8-8B4A-11D0-8D11-00A0C91BC942}") = "Land", "Land\Land.vcxproj", "{2E528A38-FE5A-4263-AEEA-E8F6A9F973FF}"
EndProject
Project("{8BC9CEB8-8B4A-11D0-8D11-00A0C91BC942}") = "Basket", "Basket\Basket.vcxproj", "{92D6E27C-E41C-421C-9C7F-9379B5D57A7B}"
EndProject
Project("{9A19103F-16F7-4668-BE54-9A1E7A4F7556}") = "PowerPointTest", "PowerPointTest\PowerPointTest.csproj", "{B6095BB1-7EF8-40CC-B879-776866586EF0}"
EndProject
Project("{8BC9CEB8-8B4A-11D0-8D11-00A0C91BC942}") = "Collector", "Collector\Collector.vcxproj", "{08523EDC-FAC0-49C2-B729-AA416BD4DFB2}"
EndProject
Project("{8BC9CEB8-8B4A-11D0-8D11-00A0C91BC942}") = "maxMaker", "maxMaker\maxMaker.vcxproj", "{EE172D12-32A8-40C6-B300-8886BE8C47A2}"
EndProject
Project("{8BC9CEB8-8B4A-11D0-8D11-00A0C91BC942}") = "EnglishConnection", "EnglishConnection\EnglishConnection.vcxproj", "{BAA440DD-0121-4D65-96A9-18EAB8162D9E}"
EndProject
Project("{8BC9CEB8-8B4A-11D0-8D11-00A0C91BC942}") = "JoyStick", "JoyStick\JoyStick.vcxproj", "{5D5605EB-B13C-4F54-8EAA-C32B24B0A328}"
EndProject
Project("{8BC9CEB8-8B4A-11D0-8D11-00A0C91BC942}") = "SkillTree", "SkillTree\SkillTree.vcxproj", "{95663FD0-5195-4836-93DD-87609A40A91B}"
EndProject
Project("{8BC9CEB8-8B4A-11D0-8D11-00A0C91BC942}") = "Caches", "Caches\Caches.vcxproj", "{992D833A-4701-423B-B578-569F46676DFF}"
EndProject
Project("{8BC9CEB8-8B4A-11D0-8D11-00A0C91BC942}") = "QuadCompression", "QuadCompression\QuadCompression.vcxproj", "{EF493D94-0152-4124-8F46-716E7E5B069D}"
EndProject
Project("{8BC9CEB8-8B4A-11D0-8D11-00A0C91BC942}") = "PrimeNumber", "PrimeNumber\PrimeNumber.vcxproj", "{6220C79C-F936-4998-8B60-E2BDECB267B0}"
EndProject
Project("{8BC9CEB8-8B4A-11D0-8D11-00A0C91BC942}") = "FindPrimeNumber", "FindPrimeNumber\FindPrimeNumber.vcxproj", "{EDF02CC4-E25F-4267-AA94-D38B93795231}"
EndProject
Project("{8BC9CEB8-8B4A-11D0-8D11-00A0C91BC942}") = "GroundEmperor", "GroundEmperor\GroundEmperor.vcxproj", "{769F2FCA-3117-4733-B75E-A3DE9721D4F9}"
EndProject
Project("{8BC9CEB8-8B4A-11D0-8D11-00A0C91BC942}") = "BeforeMusic", "BeforeMusic\BeforeMusic.vcxproj", "{BE682A55-1BD4-4D5F-B708-B9093269302E}"
EndProject
Project("{8BC9CEB8-8B4A-11D0-8D11-00A0C91BC942}") = "FileNameAlignment", "FileNameAlignment\FileNameAlignment.vcxproj", "{0D74299C-8A78-45C0-8E19-A2349EB0B55A}"
EndProject
Project("{8BC9CEB8-8B4A-11D0-8D11-00A0C91BC942}") = "FirstStep", "FirstStep\FirstStep.vcxproj", "{DE82451B-7AEC-4E73-AECB-196427A98B22}"
EndProject
Project("{8BC9CEB8-8B4A-11D0-8D11-00A0C91BC942}") = "TriangleSnail", "TriangleSnail\TriangleSnail.vcxproj", "{F9E27F7F-F8BC-41DB-80D7-9F375584FB05}"
EndProject
Project("{8BC9CEB8-8B4A-11D0-8D11-00A0C91BC942}") = "friendsFourBlock", "friendsFourBlock\friendsFourBlock.vcxproj", "{119C406D-2F17-48E0-B943-192CE52D1B0A}"
EndProject
Project("{8BC9CEB8-8B4A-11D0-8D11-00A0C91BC942}") = "ManhattanDistance", "ManhattanDistance\ManhattanDistance.vcxproj", "{93D96B7C-F00B-4EF4-B5DF-888EA55C9C5B}"
EndProject
Global
	GlobalSection(SolutionConfigurationPlatforms) = preSolution
		Debug|Any CPU = Debug|Any CPU
		Debug|x64 = Debug|x64
		Debug|x86 = Debug|x86
		Release|Any CPU = Release|Any CPU
		Release|x64 = Release|x64
		Release|x86 = Release|x86
	EndGlobalSection
	GlobalSection(ProjectConfigurationPlatforms) = postSolution
		{1F07EFDF-43FC-4AFB-B628-D81732591209}.Debug|Any CPU.ActiveCfg = Debug|x64
		{1F07EFDF-43FC-4AFB-B628-D81732591209}.Debug|Any CPU.Build.0 = Debug|x64
		{1F07EFDF-43FC-4AFB-B628-D81732591209}.Debug|x64.ActiveCfg = Debug|x64
		{1F07EFDF-43FC-4AFB-B628-D81732591209}.Debug|x64.Build.0 = Debug|x64
		{1F07EFDF-43FC-4AFB-B628-D81732591209}.Debug|x86.ActiveCfg = Debug|Win32
		{1F07EFDF-43FC-4AFB-B628-D81732591209}.Debug|x86.Build.0 = Debug|Win32
		{1F07EFDF-43FC-4AFB-B628-D81732591209}.Release|Any CPU.ActiveCfg = Release|x64
		{1F07EFDF-43FC-4AFB-B628-D81732591209}.Release|Any CPU.Build.0 = Release|x64
		{1F07EFDF-43FC-4AFB-B628-D81732591209}.Release|x64.ActiveCfg = Release|x64
		{1F07EFDF-43FC-4AFB-B628-D81732591209}.Release|x64.Build.0 = Release|x64
		{1F07EFDF-43FC-4AFB-B628-D81732591209}.Release|x86.ActiveCfg = Release|Win32
		{1F07EFDF-43FC-4AFB-B628-D81732591209}.Release|x86.Build.0 = Release|Win32
		{786E2937-3FDE-413D-BE37-E761FAD9E4A4}.Debug|Any CPU.ActiveCfg = Debug|x64
		{786E2937-3FDE-413D-BE37-E761FAD9E4A4}.Debug|Any CPU.Build.0 = Debug|x64
		{786E2937-3FDE-413D-BE37-E761FAD9E4A4}.Debug|x64.ActiveCfg = Debug|x64
		{786E2937-3FDE-413D-BE37-E761FAD9E4A4}.Debug|x64.Build.0 = Debug|x64
		{786E2937-3FDE-413D-BE37-E761FAD9E4A4}.Debug|x86.ActiveCfg = Debug|Win32
		{786E2937-3FDE-413D-BE37-E761FAD9E4A4}.Debug|x86.Build.0 = Debug|Win32
		{786E2937-3FDE-413D-BE37-E761FAD9E4A4}.Release|Any CPU.ActiveCfg = Release|x64
		{786E2937-3FDE-413D-BE37-E761FAD9E4A4}.Release|Any CPU.Build.0 = Release|x64
		{786E2937-3FDE-413D-BE37-E761FAD9E4A4}.Release|x64.ActiveCfg = Release|x64
		{786E2937-3FDE-413D-BE37-E761FAD9E4A4}.Release|x64.Build.0 = Release|x64
		{786E2937-3FDE-413D-BE37-E761FAD9E4A4}.Release|x86.ActiveCfg = Release|Win32
		{786E2937-3FDE-413D-BE37-E761FAD9E4A4}.Release|x86.Build.0 = Release|Win32
		{BFFFF6DF-1459-43DA-A32B-B8D2148F8E19}.Debug|Any CPU.ActiveCfg = Debug|x64
		{BFFFF6DF-1459-43DA-A32B-B8D2148F8E19}.Debug|Any CPU.Build.0 = Debug|x64
		{BFFFF6DF-1459-43DA-A32B-B8D2148F8E19}.Debug|x64.ActiveCfg = Debug|x64
		{BFFFF6DF-1459-43DA-A32B-B8D2148F8E19}.Debug|x64.Build.0 = Debug|x64
		{BFFFF6DF-1459-43DA-A32B-B8D2148F8E19}.Debug|x86.ActiveCfg = Debug|Win32
		{BFFFF6DF-1459-43DA-A32B-B8D2148F8E19}.Debug|x86.Build.0 = Debug|Win32
		{BFFFF6DF-1459-43DA-A32B-B8D2148F8E19}.Release|Any CPU.ActiveCfg = Release|x64
		{BFFFF6DF-1459-43DA-A32B-B8D2148F8E19}.Release|Any CPU.Build.0 = Release|x64
		{BFFFF6DF-1459-43DA-A32B-B8D2148F8E19}.Release|x64.ActiveCfg = Release|x64
		{BFFFF6DF-1459-43DA-A32B-B8D2148F8E19}.Release|x64.Build.0 = Release|x64
		{BFFFF6DF-1459-43DA-A32B-B8D2148F8E19}.Release|x86.ActiveCfg = Release|Win32
		{BFFFF6DF-1459-43DA-A32B-B8D2148F8E19}.Release|x86.Build.0 = Release|Win32
		{2F16DBFB-ADDF-48A0-8A99-61020D7CEC4B}.Debug|Any CPU.ActiveCfg = Debug|x64
		{2F16DBFB-ADDF-48A0-8A99-61020D7CEC4B}.Debug|Any CPU.Build.0 = Debug|x64
		{2F16DBFB-ADDF-48A0-8A99-61020D7CEC4B}.Debug|x64.ActiveCfg = Debug|x64
		{2F16DBFB-ADDF-48A0-8A99-61020D7CEC4B}.Debug|x64.Build.0 = Debug|x64
		{2F16DBFB-ADDF-48A0-8A99-61020D7CEC4B}.Debug|x86.ActiveCfg = Debug|Win32
		{2F16DBFB-ADDF-48A0-8A99-61020D7CEC4B}.Debug|x86.Build.0 = Debug|Win32
		{2F16DBFB-ADDF-48A0-8A99-61020D7CEC4B}.Release|Any CPU.ActiveCfg = Release|x64
		{2F16DBFB-ADDF-48A0-8A99-61020D7CEC4B}.Release|Any CPU.Build.0 = Release|x64
		{2F16DBFB-ADDF-48A0-8A99-61020D7CEC4B}.Release|x64.ActiveCfg = Release|x64
		{2F16DBFB-ADDF-48A0-8A99-61020D7CEC4B}.Release|x64.Build.0 = Release|x64
		{2F16DBFB-ADDF-48A0-8A99-61020D7CEC4B}.Release|x86.ActiveCfg = Release|Win32
		{2F16DBFB-ADDF-48A0-8A99-61020D7CEC4B}.Release|x86.Build.0 = Release|Win32
		{40F757C4-FCE2-4C98-9E7F-F5132B4C98D0}.Debug|Any CPU.ActiveCfg = Debug|x64
		{40F757C4-FCE2-4C98-9E7F-F5132B4C98D0}.Debug|Any CPU.Build.0 = Debug|x64
		{40F757C4-FCE2-4C98-9E7F-F5132B4C98D0}.Debug|x64.ActiveCfg = Debug|x64
		{40F757C4-FCE2-4C98-9E7F-F5132B4C98D0}.Debug|x64.Build.0 = Debug|x64
		{40F757C4-FCE2-4C98-9E7F-F5132B4C98D0}.Debug|x86.ActiveCfg = Debug|Win32
		{40F757C4-FCE2-4C98-9E7F-F5132B4C98D0}.Debug|x86.Build.0 = Debug|Win32
		{40F757C4-FCE2-4C98-9E7F-F5132B4C98D0}.Release|Any CPU.ActiveCfg = Release|x64
		{40F757C4-FCE2-4C98-9E7F-F5132B4C98D0}.Release|Any CPU.Build.0 = Release|x64
		{40F757C4-FCE2-4C98-9E7F-F5132B4C98D0}.Release|x64.ActiveCfg = Release|x64
		{40F757C4-FCE2-4C98-9E7F-F5132B4C98D0}.Release|x64.Build.0 = Release|x64
		{40F757C4-FCE2-4C98-9E7F-F5132B4C98D0}.Release|x86.ActiveCfg = Release|Win32
		{40F757C4-FCE2-4C98-9E7F-F5132B4C98D0}.Release|x86.Build.0 = Release|Win32
		{24B6F237-5482-49B3-B8DA-7BBD9EB40892}.Debug|Any CPU.ActiveCfg = Debug|x64
		{24B6F237-5482-49B3-B8DA-7BBD9EB40892}.Debug|Any CPU.Build.0 = Debug|x64
		{24B6F237-5482-49B3-B8DA-7BBD9EB40892}.Debug|x64.ActiveCfg = Debug|x64
		{24B6F237-5482-49B3-B8DA-7BBD9EB40892}.Debug|x64.Build.0 = Debug|x64
		{24B6F237-5482-49B3-B8DA-7BBD9EB40892}.Debug|x86.ActiveCfg = Debug|Win32
		{24B6F237-5482-49B3-B8DA-7BBD9EB40892}.Debug|x86.Build.0 = Debug|Win32
		{24B6F237-5482-49B3-B8DA-7BBD9EB40892}.Release|Any CPU.ActiveCfg = Release|x64
		{24B6F237-5482-49B3-B8DA-7BBD9EB40892}.Release|Any CPU.Build.0 = Release|x64
		{24B6F237-5482-49B3-B8DA-7BBD9EB40892}.Release|x64.ActiveCfg = Release|x64
		{24B6F237-5482-49B3-B8DA-7BBD9EB40892}.Release|x64.Build.0 = Release|x64
		{24B6F237-5482-49B3-B8DA-7BBD9EB40892}.Release|x86.ActiveCfg = Release|Win32
		{24B6F237-5482-49B3-B8DA-7BBD9EB40892}.Release|x86.Build.0 = Release|Win32
		{6D45DA47-DC27-42DB-9AA8-7B7382DFCE0D}.Debug|Any CPU.ActiveCfg = Debug|x64
		{6D45DA47-DC27-42DB-9AA8-7B7382DFCE0D}.Debug|Any CPU.Build.0 = Debug|x64
		{6D45DA47-DC27-42DB-9AA8-7B7382DFCE0D}.Debug|x64.ActiveCfg = Debug|x64
		{6D45DA47-DC27-42DB-9AA8-7B7382DFCE0D}.Debug|x64.Build.0 = Debug|x64
		{6D45DA47-DC27-42DB-9AA8-7B7382DFCE0D}.Debug|x86.ActiveCfg = Debug|Win32
		{6D45DA47-DC27-42DB-9AA8-7B7382DFCE0D}.Debug|x86.Build.0 = Debug|Win32
		{6D45DA47-DC27-42DB-9AA8-7B7382DFCE0D}.Release|Any CPU.ActiveCfg = Release|x64
		{6D45DA47-DC27-42DB-9AA8-7B7382DFCE0D}.Release|Any CPU.Build.0 = Release|x64
		{6D45DA47-DC27-42DB-9AA8-7B7382DFCE0D}.Release|x64.ActiveCfg = Release|x64
		{6D45DA47-DC27-42DB-9AA8-7B7382DFCE0D}.Release|x64.Build.0 = Release|x64
		{6D45DA47-DC27-42DB-9AA8-7B7382DFCE0D}.Release|x86.ActiveCfg = Release|Win32
		{6D45DA47-DC27-42DB-9AA8-7B7382DFCE0D}.Release|x86.Build.0 = Release|Win32
		{6162E8EC-618D-4FDA-8486-0332ACA5E6FF}.Debug|Any CPU.ActiveCfg = Debug|x64
		{6162E8EC-618D-4FDA-8486-0332ACA5E6FF}.Debug|Any CPU.Build.0 = Debug|x64
		{6162E8EC-618D-4FDA-8486-0332ACA5E6FF}.Debug|x64.ActiveCfg = Debug|x64
		{6162E8EC-618D-4FDA-8486-0332ACA5E6FF}.Debug|x64.Build.0 = Debug|x64
		{6162E8EC-618D-4FDA-8486-0332ACA5E6FF}.Debug|x86.ActiveCfg = Debug|Win32
		{6162E8EC-618D-4FDA-8486-0332ACA5E6FF}.Debug|x86.Build.0 = Debug|Win32
		{6162E8EC-618D-4FDA-8486-0332ACA5E6FF}.Release|Any CPU.ActiveCfg = Release|x64
		{6162E8EC-618D-4FDA-8486-0332ACA5E6FF}.Release|Any CPU.Build.0 = Release|x64
		{6162E8EC-618D-4FDA-8486-0332ACA5E6FF}.Release|x64.ActiveCfg = Release|x64
		{6162E8EC-618D-4FDA-8486-0332ACA5E6FF}.Release|x64.Build.0 = Release|x64
		{6162E8EC-618D-4FDA-8486-0332ACA5E6FF}.Release|x86.ActiveCfg = Release|Win32
		{6162E8EC-618D-4FDA-8486-0332ACA5E6FF}.Release|x86.Build.0 = Release|Win32
		{F33A9662-8043-4AF9-894B-A4219FDB8878}.Debug|Any CPU.ActiveCfg = Debug|x64
		{F33A9662-8043-4AF9-894B-A4219FDB8878}.Debug|Any CPU.Build.0 = Debug|x64
		{F33A9662-8043-4AF9-894B-A4219FDB8878}.Debug|x64.ActiveCfg = Debug|x64
		{F33A9662-8043-4AF9-894B-A4219FDB8878}.Debug|x64.Build.0 = Debug|x64
		{F33A9662-8043-4AF9-894B-A4219FDB8878}.Debug|x86.ActiveCfg = Debug|Win32
		{F33A9662-8043-4AF9-894B-A4219FDB8878}.Debug|x86.Build.0 = Debug|Win32
		{F33A9662-8043-4AF9-894B-A4219FDB8878}.Release|Any CPU.ActiveCfg = Release|x64
		{F33A9662-8043-4AF9-894B-A4219FDB8878}.Release|Any CPU.Build.0 = Release|x64
		{F33A9662-8043-4AF9-894B-A4219FDB8878}.Release|x64.ActiveCfg = Release|x64
		{F33A9662-8043-4AF9-894B-A4219FDB8878}.Release|x64.Build.0 = Release|x64
		{F33A9662-8043-4AF9-894B-A4219FDB8878}.Release|x86.ActiveCfg = Release|Win32
		{F33A9662-8043-4AF9-894B-A4219FDB8878}.Release|x86.Build.0 = Release|Win32
		{C7DE2DAC-5227-424B-BC25-A1D97844F16D}.Debug|Any CPU.ActiveCfg = Debug|x64
		{C7DE2DAC-5227-424B-BC25-A1D97844F16D}.Debug|Any CPU.Build.0 = Debug|x64
		{C7DE2DAC-5227-424B-BC25-A1D97844F16D}.Debug|x64.ActiveCfg = Debug|x64
		{C7DE2DAC-5227-424B-BC25-A1D97844F16D}.Debug|x64.Build.0 = Debug|x64
		{C7DE2DAC-5227-424B-BC25-A1D97844F16D}.Debug|x86.ActiveCfg = Debug|Win32
		{C7DE2DAC-5227-424B-BC25-A1D97844F16D}.Debug|x86.Build.0 = Debug|Win32
		{C7DE2DAC-5227-424B-BC25-A1D97844F16D}.Release|Any CPU.ActiveCfg = Release|x64
		{C7DE2DAC-5227-424B-BC25-A1D97844F16D}.Release|Any CPU.Build.0 = Release|x64
		{C7DE2DAC-5227-424B-BC25-A1D97844F16D}.Release|x64.ActiveCfg = Release|x64
		{C7DE2DAC-5227-424B-BC25-A1D97844F16D}.Release|x64.Build.0 = Release|x64
		{C7DE2DAC-5227-424B-BC25-A1D97844F16D}.Release|x86.ActiveCfg = Release|Win32
		{C7DE2DAC-5227-424B-BC25-A1D97844F16D}.Release|x86.Build.0 = Release|Win32
		{2E528A38-FE5A-4263-AEEA-E8F6A9F973FF}.Debug|Any CPU.ActiveCfg = Debug|x64
		{2E528A38-FE5A-4263-AEEA-E8F6A9F973FF}.Debug|Any CPU.Build.0 = Debug|x64
		{2E528A38-FE5A-4263-AEEA-E8F6A9F973FF}.Debug|x64.ActiveCfg = Debug|x64
		{2E528A38-FE5A-4263-AEEA-E8F6A9F973FF}.Debug|x64.Build.0 = Debug|x64
		{2E528A38-FE5A-4263-AEEA-E8F6A9F973FF}.Debug|x86.ActiveCfg = Debug|Win32
		{2E528A38-FE5A-4263-AEEA-E8F6A9F973FF}.Debug|x86.Build.0 = Debug|Win32
		{2E528A38-FE5A-4263-AEEA-E8F6A9F973FF}.Release|Any CPU.ActiveCfg = Release|x64
		{2E528A38-FE5A-4263-AEEA-E8F6A9F973FF}.Release|Any CPU.Build.0 = Release|x64
		{2E528A38-FE5A-4263-AEEA-E8F6A9F973FF}.Release|x64.ActiveCfg = Release|x64
		{2E528A38-FE5A-4263-AEEA-E8F6A9F973FF}.Release|x64.Build.0 = Release|x64
		{2E528A38-FE5A-4263-AEEA-E8F6A9F973FF}.Release|x86.ActiveCfg = Release|Win32
		{2E528A38-FE5A-4263-AEEA-E8F6A9F973FF}.Release|x86.Build.0 = Release|Win32
		{92D6E27C-E41C-421C-9C7F-9379B5D57A7B}.Debug|Any CPU.ActiveCfg = Debug|x64
		{92D6E27C-E41C-421C-9C7F-9379B5D57A7B}.Debug|Any CPU.Build.0 = Debug|x64
		{92D6E27C-E41C-421C-9C7F-9379B5D57A7B}.Debug|x64.ActiveCfg = Debug|x64
		{92D6E27C-E41C-421C-9C7F-9379B5D57A7B}.Debug|x64.Build.0 = Debug|x64
		{92D6E27C-E41C-421C-9C7F-9379B5D57A7B}.Debug|x86.ActiveCfg = Debug|Win32
		{92D6E27C-E41C-421C-9C7F-9379B5D57A7B}.Debug|x86.Build.0 = Debug|Win32
		{92D6E27C-E41C-421C-9C7F-9379B5D57A7B}.Release|Any CPU.ActiveCfg = Release|x64
		{92D6E27C-E41C-421C-9C7F-9379B5D57A7B}.Release|Any CPU.Build.0 = Release|x64
		{92D6E27C-E41C-421C-9C7F-9379B5D57A7B}.Release|x64.ActiveCfg = Release|x64
		{92D6E27C-E41C-421C-9C7F-9379B5D57A7B}.Release|x64.Build.0 = Release|x64
		{92D6E27C-E41C-421C-9C7F-9379B5D57A7B}.Release|x86.ActiveCfg = Release|Win32
		{92D6E27C-E41C-421C-9C7F-9379B5D57A7B}.Release|x86.Build.0 = Release|Win32
		{B6095BB1-7EF8-40CC-B879-776866586EF0}.Debug|Any CPU.ActiveCfg = Debug|Any CPU
		{B6095BB1-7EF8-40CC-B879-776866586EF0}.Debug|Any CPU.Build.0 = Debug|Any CPU
		{B6095BB1-7EF8-40CC-B879-776866586EF0}.Debug|x64.ActiveCfg = Debug|Any CPU
		{B6095BB1-7EF8-40CC-B879-776866586EF0}.Debug|x64.Build.0 = Debug|Any CPU
		{B6095BB1-7EF8-40CC-B879-776866586EF0}.Debug|x86.ActiveCfg = Debug|Any CPU
		{B6095BB1-7EF8-40CC-B879-776866586EF0}.Debug|x86.Build.0 = Debug|Any CPU
		{B6095BB1-7EF8-40CC-B879-776866586EF0}.Release|Any CPU.ActiveCfg = Release|Any CPU
		{B6095BB1-7EF8-40CC-B879-776866586EF0}.Release|Any CPU.Build.0 = Release|Any CPU
		{B6095BB1-7EF8-40CC-B879-776866586EF0}.Release|x64.ActiveCfg = Release|Any CPU
		{B6095BB1-7EF8-40CC-B879-776866586EF0}.Release|x64.Build.0 = Release|Any CPU
		{B6095BB1-7EF8-40CC-B879-776866586EF0}.Release|x86.ActiveCfg = Release|Any CPU
		{B6095BB1-7EF8-40CC-B879-776866586EF0}.Release|x86.Build.0 = Release|Any CPU
		{08523EDC-FAC0-49C2-B729-AA416BD4DFB2}.Debug|Any CPU.ActiveCfg = Debug|x64
		{08523EDC-FAC0-49C2-B729-AA416BD4DFB2}.Debug|Any CPU.Build.0 = Debug|x64
		{08523EDC-FAC0-49C2-B729-AA416BD4DFB2}.Debug|x64.ActiveCfg = Debug|x64
		{08523EDC-FAC0-49C2-B729-AA416BD4DFB2}.Debug|x64.Build.0 = Debug|x64
		{08523EDC-FAC0-49C2-B729-AA416BD4DFB2}.Debug|x86.ActiveCfg = Debug|Win32
		{08523EDC-FAC0-49C2-B729-AA416BD4DFB2}.Debug|x86.Build.0 = Debug|Win32
		{08523EDC-FAC0-49C2-B729-AA416BD4DFB2}.Release|Any CPU.ActiveCfg = Release|x64
		{08523EDC-FAC0-49C2-B729-AA416BD4DFB2}.Release|Any CPU.Build.0 = Release|x64
		{08523EDC-FAC0-49C2-B729-AA416BD4DFB2}.Release|x64.ActiveCfg = Release|x64
		{08523EDC-FAC0-49C2-B729-AA416BD4DFB2}.Release|x64.Build.0 = Release|x64
		{08523EDC-FAC0-49C2-B729-AA416BD4DFB2}.Release|x86.ActiveCfg = Release|Win32
		{08523EDC-FAC0-49C2-B729-AA416BD4DFB2}.Release|x86.Build.0 = Release|Win32
		{EE172D12-32A8-40C6-B300-8886BE8C47A2}.Debug|Any CPU.ActiveCfg = Debug|x64
		{EE172D12-32A8-40C6-B300-8886BE8C47A2}.Debug|Any CPU.Build.0 = Debug|x64
		{EE172D12-32A8-40C6-B300-8886BE8C47A2}.Debug|x64.ActiveCfg = Debug|x64
		{EE172D12-32A8-40C6-B300-8886BE8C47A2}.Debug|x64.Build.0 = Debug|x64
		{EE172D12-32A8-40C6-B300-8886BE8C47A2}.Debug|x86.ActiveCfg = Debug|Win32
		{EE172D12-32A8-40C6-B300-8886BE8C47A2}.Debug|x86.Build.0 = Debug|Win32
		{EE172D12-32A8-40C6-B300-8886BE8C47A2}.Release|Any CPU.ActiveCfg = Release|x64
		{EE172D12-32A8-40C6-B300-8886BE8C47A2}.Release|Any CPU.Build.0 = Release|x64
		{EE172D12-32A8-40C6-B300-8886BE8C47A2}.Release|x64.ActiveCfg = Release|x64
		{EE172D12-32A8-40C6-B300-8886BE8C47A2}.Release|x64.Build.0 = Release|x64
		{EE172D12-32A8-40C6-B300-8886BE8C47A2}.Release|x86.ActiveCfg = Release|Win32
		{EE172D12-32A8-40C6-B300-8886BE8C47A2}.Release|x86.Build.0 = Release|Win32
		{BAA440DD-0121-4D65-96A9-18EAB8162D9E}.Debug|Any CPU.ActiveCfg = Debug|x64
		{BAA440DD-0121-4D65-96A9-18EAB8162D9E}.Debug|Any CPU.Build.0 = Debug|x64
		{BAA440DD-0121-4D65-96A9-18EAB8162D9E}.Debug|x64.ActiveCfg = Debug|x64
		{BAA440DD-0121-4D65-96A9-18EAB8162D9E}.Debug|x64.Build.0 = Debug|x64
		{BAA440DD-0121-4D65-96A9-18EAB8162D9E}.Debug|x86.ActiveCfg = Debug|Win32
		{BAA440DD-0121-4D65-96A9-18EAB8162D9E}.Debug|x86.Build.0 = Debug|Win32
		{BAA440DD-0121-4D65-96A9-18EAB8162D9E}.Release|Any CPU.ActiveCfg = Release|x64
		{BAA440DD-0121-4D65-96A9-18EAB8162D9E}.Release|Any CPU.Build.0 = Release|x64
		{BAA440DD-0121-4D65-96A9-18EAB8162D9E}.Release|x64.ActiveCfg = Release|x64
		{BAA440DD-0121-4D65-96A9-18EAB8162D9E}.Release|x64.Build.0 = Release|x64
		{BAA440DD-0121-4D65-96A9-18EAB8162D9E}.Release|x86.ActiveCfg = Release|Win32
		{BAA440DD-0121-4D65-96A9-18EAB8162D9E}.Release|x86.Build.0 = Release|Win32
		{5D5605EB-B13C-4F54-8EAA-C32B24B0A328}.Debug|Any CPU.ActiveCfg = Debug|x64
		{5D5605EB-B13C-4F54-8EAA-C32B24B0A328}.Debug|Any CPU.Build.0 = Debug|x64
		{5D5605EB-B13C-4F54-8EAA-C32B24B0A328}.Debug|x64.ActiveCfg = Debug|x64
		{5D5605EB-B13C-4F54-8EAA-C32B24B0A328}.Debug|x64.Build.0 = Debug|x64
		{5D5605EB-B13C-4F54-8EAA-C32B24B0A328}.Debug|x86.ActiveCfg = Debug|Win32
		{5D5605EB-B13C-4F54-8EAA-C32B24B0A328}.Debug|x86.Build.0 = Debug|Win32
		{5D5605EB-B13C-4F54-8EAA-C32B24B0A328}.Release|Any CPU.ActiveCfg = Release|x64
		{5D5605EB-B13C-4F54-8EAA-C32B24B0A328}.Release|Any CPU.Build.0 = Release|x64
		{5D5605EB-B13C-4F54-8EAA-C32B24B0A328}.Release|x64.ActiveCfg = Release|x64
		{5D5605EB-B13C-4F54-8EAA-C32B24B0A328}.Release|x64.Build.0 = Release|x64
		{5D5605EB-B13C-4F54-8EAA-C32B24B0A328}.Release|x86.ActiveCfg = Release|Win32
		{5D5605EB-B13C-4F54-8EAA-C32B24B0A328}.Release|x86.Build.0 = Release|Win32
		{95663FD0-5195-4836-93DD-87609A40A91B}.Debug|Any CPU.ActiveCfg = Debug|x64
		{95663FD0-5195-4836-93DD-87609A40A91B}.Debug|Any CPU.Build.0 = Debug|x64
		{95663FD0-5195-4836-93DD-87609A40A91B}.Debug|x64.ActiveCfg = Debug|x64
		{95663FD0-5195-4836-93DD-87609A40A91B}.Debug|x64.Build.0 = Debug|x64
		{95663FD0-5195-4836-93DD-87609A40A91B}.Debug|x86.ActiveCfg = Debug|Win32
		{95663FD0-5195-4836-93DD-87609A40A91B}.Debug|x86.Build.0 = Debug|Win32
		{95663FD0-5195-4836-93DD-87609A40A91B}.Release|Any CPU.ActiveCfg = Release|x64
		{95663FD0-5195-4836-93DD-87609A40A91B}.Release|Any CPU.Build.0 = Release|x64
		{95663FD0-5195-4836-93DD-87609A40A91B}.Release|x64.ActiveCfg = Release|x64
		{95663FD0-5195-4836-93DD-87609A40A91B}.Release|x64.Build.0 = Release|x64
		{95663FD0-5195-4836-93DD-87609A40A91B}.Release|x86.ActiveCfg = Release|Win32
		{95663FD0-5195-4836-93DD-87609A40A91B}.Release|x86.Build.0 = Release|Win32
		{992D833A-4701-423B-B578-569F46676DFF}.Debug|Any CPU.ActiveCfg = Debug|x64
		{992D833A-4701-423B-B578-569F46676DFF}.Debug|Any CPU.Build.0 = Debug|x64
		{992D833A-4701-423B-B578-569F46676DFF}.Debug|x64.ActiveCfg = Debug|x64
		{992D833A-4701-423B-B578-569F46676DFF}.Debug|x64.Build.0 = Debug|x64
		{992D833A-4701-423B-B578-569F46676DFF}.Debug|x86.ActiveCfg = Debug|Win32
		{992D833A-4701-423B-B578-569F46676DFF}.Debug|x86.Build.0 = Debug|Win32
		{992D833A-4701-423B-B578-569F46676DFF}.Release|Any CPU.ActiveCfg = Release|x64
		{992D833A-4701-423B-B578-569F46676DFF}.Release|Any CPU.Build.0 = Release|x64
		{992D833A-4701-423B-B578-569F46676DFF}.Release|x64.ActiveCfg = Release|x64
		{992D833A-4701-423B-B578-569F46676DFF}.Release|x64.Build.0 = Release|x64
		{992D833A-4701-423B-B578-569F46676DFF}.Release|x86.ActiveCfg = Release|Win32
		{992D833A-4701-423B-B578-569F46676DFF}.Release|x86.Build.0 = Release|Win32
		{EF493D94-0152-4124-8F46-716E7E5B069D}.Debug|Any CPU.ActiveCfg = Debug|x64
		{EF493D94-0152-4124-8F46-716E7E5B069D}.Debug|Any CPU.Build.0 = Debug|x64
		{EF493D94-0152-4124-8F46-716E7E5B069D}.Debug|x64.ActiveCfg = Debug|x64
		{EF493D94-0152-4124-8F46-716E7E5B069D}.Debug|x64.Build.0 = Debug|x64
		{EF493D94-0152-4124-8F46-716E7E5B069D}.Debug|x86.ActiveCfg = Debug|Win32
		{EF493D94-0152-4124-8F46-716E7E5B069D}.Debug|x86.Build.0 = Debug|Win32
		{EF493D94-0152-4124-8F46-716E7E5B069D}.Release|Any CPU.ActiveCfg = Release|x64
		{EF493D94-0152-4124-8F46-716E7E5B069D}.Release|Any CPU.Build.0 = Release|x64
		{EF493D94-0152-4124-8F46-716E7E5B069D}.Release|x64.ActiveCfg = Release|x64
		{EF493D94-0152-4124-8F46-716E7E5B069D}.Release|x64.Build.0 = Release|x64
		{EF493D94-0152-4124-8F46-716E7E5B069D}.Release|x86.ActiveCfg = Release|Win32
		{EF493D94-0152-4124-8F46-716E7E5B069D}.Release|x86.Build.0 = Release|Win32
		{6220C79C-F936-4998-8B60-E2BDECB267B0}.Debug|Any CPU.ActiveCfg = Debug|x64
		{6220C79C-F936-4998-8B60-E2BDECB267B0}.Debug|Any CPU.Build.0 = Debug|x64
		{6220C79C-F936-4998-8B60-E2BDECB267B0}.Debug|x64.ActiveCfg = Debug|x64
		{6220C79C-F936-4998-8B60-E2BDECB267B0}.Debug|x64.Build.0 = Debug|x64
		{6220C79C-F936-4998-8B60-E2BDECB267B0}.Debug|x86.ActiveCfg = Debug|Win32
		{6220C79C-F936-4998-8B60-E2BDECB267B0}.Debug|x86.Build.0 = Debug|Win32
		{6220C79C-F936-4998-8B60-E2BDECB267B0}.Release|Any CPU.ActiveCfg = Release|x64
		{6220C79C-F936-4998-8B60-E2BDECB267B0}.Release|Any CPU.Build.0 = Release|x64
		{6220C79C-F936-4998-8B60-E2BDECB267B0}.Release|x64.ActiveCfg = Release|x64
		{6220C79C-F936-4998-8B60-E2BDECB267B0}.Release|x64.Build.0 = Release|x64
		{6220C79C-F936-4998-8B60-E2BDECB267B0}.Release|x86.ActiveCfg = Release|Win32
		{6220C79C-F936-4998-8B60-E2BDECB267B0}.Release|x86.Build.0 = Release|Win32
		{EDF02CC4-E25F-4267-AA94-D38B93795231}.Debug|Any CPU.ActiveCfg = Debug|x64
		{EDF02CC4-E25F-4267-AA94-D38B93795231}.Debug|Any CPU.Build.0 = Debug|x64
		{EDF02CC4-E25F-4267-AA94-D38B93795231}.Debug|x64.ActiveCfg = Debug|x64
		{EDF02CC4-E25F-4267-AA94-D38B93795231}.Debug|x64.Build.0 = Debug|x64
		{EDF02CC4-E25F-4267-AA94-D38B93795231}.Debug|x86.ActiveCfg = Debug|Win32
		{EDF02CC4-E25F-4267-AA94-D38B93795231}.Debug|x86.Build.0 = Debug|Win32
		{EDF02CC4-E25F-4267-AA94-D38B93795231}.Release|Any CPU.ActiveCfg = Release|x64
		{EDF02CC4-E25F-4267-AA94-D38B93795231}.Release|Any CPU.Build.0 = Release|x64
		{EDF02CC4-E25F-4267-AA94-D38B93795231}.Release|x64.ActiveCfg = Release|x64
		{EDF02CC4-E25F-4267-AA94-D38B93795231}.Release|x64.Build.0 = Release|x64
		{EDF02CC4-E25F-4267-AA94-D38B93795231}.Release|x86.ActiveCfg = Release|Win32
		{EDF02CC4-E25F-4267-AA94-D38B93795231}.Release|x86.Build.0 = Release|Win32
		{769F2FCA-3117-4733-B75E-A3DE9721D4F9}.Debug|Any CPU.ActiveCfg = Debug|x64
		{769F2FCA-3117-4733-B75E-A3DE9721D4F9}.Debug|Any CPU.Build.0 = Debug|x64
		{769F2FCA-3117-4733-B75E-A3DE9721D4F9}.Debug|x64.ActiveCfg = Debug|x64
		{769F2FCA-3117-4733-B75E-A3DE9721D4F9}.Debug|x64.Build.0 = Debug|x64
		{769F2FCA-3117-4733-B75E-A3DE9721D4F9}.Debug|x86.ActiveCfg = Debug|Win32
		{769F2FCA-3117-4733-B75E-A3DE9721D4F9}.Debug|x86.Build.0 = Debug|Win32
		{769F2FCA-3117-4733-B75E-A3DE9721D4F9}.Release|Any CPU.ActiveCfg = Release|x64
		{769F2FCA-3117-4733-B75E-A3DE9721D4F9}.Release|Any CPU.Build.0 = Release|x64
		{769F2FCA-3117-4733-B75E-A3DE9721D4F9}.Release|x64.ActiveCfg = Release|x64
		{769F2FCA-3117-4733-B75E-A3DE9721D4F9}.Release|x64.Build.0 = Release|x64
		{769F2FCA-3117-4733-B75E-A3DE9721D4F9}.Release|x86.ActiveCfg = Release|Win32
		{769F2FCA-3117-4733-B75E-A3DE9721D4F9}.Release|x86.Build.0 = Release|Win32
		{BE682A55-1BD4-4D5F-B708-B9093269302E}.Debug|Any CPU.ActiveCfg = Debug|x64
		{BE682A55-1BD4-4D5F-B708-B9093269302E}.Debug|Any CPU.Build.0 = Debug|x64
		{BE682A55-1BD4-4D5F-B708-B9093269302E}.Debug|x64.ActiveCfg = Debug|x64
		{BE682A55-1BD4-4D5F-B708-B9093269302E}.Debug|x64.Build.0 = Debug|x64
		{BE682A55-1BD4-4D5F-B708-B9093269302E}.Debug|x86.ActiveCfg = Debug|Win32
		{BE682A55-1BD4-4D5F-B708-B9093269302E}.Debug|x86.Build.0 = Debug|Win32
		{BE682A55-1BD4-4D5F-B708-B9093269302E}.Release|Any CPU.ActiveCfg = Release|x64
		{BE682A55-1BD4-4D5F-B708-B9093269302E}.Release|Any CPU.Build.0 = Release|x64
		{BE682A55-1BD4-4D5F-B708-B9093269302E}.Release|x64.ActiveCfg = Release|x64
		{BE682A55-1BD4-4D5F-B708-B9093269302E}.Release|x64.Build.0 = Release|x64
		{BE682A55-1BD4-4D5F-B708-B9093269302E}.Release|x86.ActiveCfg = Release|Win32
		{BE682A55-1BD4-4D5F-B708-B9093269302E}.Release|x86.Build.0 = Release|Win32
		{0D74299C-8A78-45C0-8E19-A2349EB0B55A}.Debug|Any CPU.ActiveCfg = Debug|x64
		{0D74299C-8A78-45C0-8E19-A2349EB0B55A}.Debug|Any CPU.Build.0 = Debug|x64
		{0D74299C-8A78-45C0-8E19-A2349EB0B55A}.Debug|x64.ActiveCfg = Debug|x64
		{0D74299C-8A78-45C0-8E19-A2349EB0B55A}.Debug|x64.Build.0 = Debug|x64
		{0D74299C-8A78-45C0-8E19-A2349EB0B55A}.Debug|x86.ActiveCfg = Debug|Win32
		{0D74299C-8A78-45C0-8E19-A2349EB0B55A}.Debug|x86.Build.0 = Debug|Win32
		{0D74299C-8A78-45C0-8E19-A2349EB0B55A}.Release|Any CPU.ActiveCfg = Release|x64
		{0D74299C-8A78-45C0-8E19-A2349EB0B55A}.Release|Any CPU.Build.0 = Release|x64
		{0D74299C-8A78-45C0-8E19-A2349EB0B55A}.Release|x64.ActiveCfg = Release|x64
		{0D74299C-8A78-45C0-8E19-A2349EB0B55A}.Release|x64.Build.0 = Release|x64
		{0D74299C-8A78-45C0-8E19-A2349EB0B55A}.Release|x86.ActiveCfg = Release|Win32
		{0D74299C-8A78-45C0-8E19-A2349EB0B55A}.Release|x86.Build.0 = Release|Win32
		{DE82451B-7AEC-4E73-AECB-196427A98B22}.Debug|Any CPU.ActiveCfg = Debug|x64
		{DE82451B-7AEC-4E73-AECB-196427A98B22}.Debug|Any CPU.Build.0 = Debug|x64
		{DE82451B-7AEC-4E73-AECB-196427A98B22}.Debug|x64.ActiveCfg = Debug|x64
		{DE82451B-7AEC-4E73-AECB-196427A98B22}.Debug|x64.Build.0 = Debug|x64
		{DE82451B-7AEC-4E73-AECB-196427A98B22}.Debug|x86.ActiveCfg = Debug|Win32
		{DE82451B-7AEC-4E73-AECB-196427A98B22}.Debug|x86.Build.0 = Debug|Win32
		{DE82451B-7AEC-4E73-AECB-196427A98B22}.Release|Any CPU.ActiveCfg = Release|x64
		{DE82451B-7AEC-4E73-AECB-196427A98B22}.Release|Any CPU.Build.0 = Release|x64
		{DE82451B-7AEC-4E73-AECB-196427A98B22}.Release|x64.ActiveCfg = Release|x64
		{DE82451B-7AEC-4E73-AECB-196427A98B22}.Release|x64.Build.0 = Release|x64
		{DE82451B-7AEC-4E73-AECB-196427A98B22}.Release|x86.ActiveCfg = Release|Win32
		{DE82451B-7AEC-4E73-AECB-196427A98B22}.Release|x86.Build.0 = Release|Win32
		{F9E27F7F-F8BC-41DB-80D7-9F375584FB05}.Debug|Any CPU.ActiveCfg = Debug|x64
		{F9E27F7F-F8BC-41DB-80D7-9F375584FB05}.Debug|Any CPU.Build.0 = Debug|x64
		{F9E27F7F-F8BC-41DB-80D7-9F375584FB05}.Debug|x64.ActiveCfg = Debug|x64
		{F9E27F7F-F8BC-41DB-80D7-9F375584FB05}.Debug|x64.Build.0 = Debug|x64
		{F9E27F7F-F8BC-41DB-80D7-9F375584FB05}.Debug|x86.ActiveCfg = Debug|Win32
		{F9E27F7F-F8BC-41DB-80D7-9F375584FB05}.Debug|x86.Build.0 = Debug|Win32
		{F9E27F7F-F8BC-41DB-80D7-9F375584FB05}.Release|Any CPU.ActiveCfg = Release|x64
		{F9E27F7F-F8BC-41DB-80D7-9F375584FB05}.Release|Any CPU.Build.0 = Release|x64
		{F9E27F7F-F8BC-41DB-80D7-9F375584FB05}.Release|x64.ActiveCfg = Release|x64
		{F9E27F7F-F8BC-41DB-80D7-9F375584FB05}.Release|x64.Build.0 = Release|x64
		{F9E27F7F-F8BC-41DB-80D7-9F375584FB05}.Release|x86.ActiveCfg = Release|Win32
		{F9E27F7F-F8BC-41DB-80D7-9F375584FB05}.Release|x86.Build.0 = Release|Win32
		{119C406D-2F17-48E0-B943-192CE52D1B0A}.Debug|Any CPU.ActiveCfg = Debug|x64
		{119C406D-2F17-48E0-B943-192CE52D1B0A}.Debug|Any CPU.Build.0 = Debug|x64
		{119C406D-2F17-48E0-B943-192CE52D1B0A}.Debug|x64.ActiveCfg = Debug|x64
		{119C406D-2F17-48E0-B943-192CE52D1B0A}.Debug|x64.Build.0 = Debug|x64
		{119C406D-2F17-48E0-B943-192CE52D1B0A}.Debug|x86.ActiveCfg = Debug|Win32
		{119C406D-2F17-48E0-B943-192CE52D1B0A}.Debug|x86.Build.0 = Debug|Win32
		{119C406D-2F17-48E0-B943-192CE52D1B0A}.Release|Any CPU.ActiveCfg = Release|x64
		{119C406D-2F17-48E0-B943-192CE52D1B0A}.Release|Any CPU.Build.0 = Release|x64
		{119C406D-2F17-48E0-B943-192CE52D1B0A}.Release|x64.ActiveCfg = Release|x64
		{119C406D-2F17-48E0-B943-192CE52D1B0A}.Release|x64.Build.0 = Release|x64
		{119C406D-2F17-48E0-B943-192CE52D1B0A}.Release|x86.ActiveCfg = Release|Win32
		{119C406D-2F17-48E0-B943-192CE52D1B0A}.Release|x86.Build.0 = Release|Win32
		{93D96B7C-F00B-4EF4-B5DF-888EA55C9C5B}.Debug|Any CPU.ActiveCfg = Debug|x64
		{93D96B7C-F00B-4EF4-B5DF-888EA55C9C5B}.Debug|Any CPU.Build.0 = Debug|x64
		{93D96B7C-F00B-4EF4-B5DF-888EA55C9C5B}.Debug|x64.ActiveCfg = Debug|x64
		{93D96B7C-F00B-4EF4-B5DF-888EA55C9C5B}.Debug|x64.Build.0 = Debug|x64
		{93D96B7C-F00B-4EF4-B5DF-888EA55C9C5B}.Debug|x86.ActiveCfg = Debug|Win32
		{93D96B7C-F00B-4EF4-B5DF-888EA55C9C5B}.Debug|x86.Build.0 = Debug|Win32
		{93D96B7C-F00B-4EF4-B5DF-888EA55C9C5B}.Release|Any CPU.ActiveCfg = Release|x64
		{93D96B7C-F00B-4EF4-B5DF-888EA55C9C5B}.Release|Any CPU.Build.0 = Release|x64
		{93D96B7C-F00B-4EF4-B5DF-888EA55C9C5B}.Release|x64.ActiveCfg = Release|x64
		{93D96B7C-F00B-4EF4-B5DF-888EA55C9C5B}.Release|x64.Build.0 = Release|x64
		{93D96B7C-F00B-4EF4-B5DF-888EA55C9C5B}.Release|x86.ActiveCfg = Release|Win32
		{93D96B7C-F00B-4EF4-B5DF-888EA55C9C5B}.Release|x86.Build.0 = Release|Win32
	EndGlobalSection
	GlobalSection(SolutionProperties) = preSolution
		HideSolutionNode = FALSE
	EndGlobalSection
	GlobalSection(ExtensibilityGlobals) = postSolution
		SolutionGuid = {2FE24CE0-9F4E-4F63-B56A-E84924AAC06E}
	EndGlobalSection
EndGlobal
